// !$*UTF8*$!
{
	archiveVersion = 1;
	classes = {
	};
	objectVersion = 46;
	objects = {

/* Begin PBXBuildFile section */
		BA132D75198F06C20019F709 /* main.m in Sources */ = {isa = PBXBuildFile; fileRef = BA132D74198F06C20019F709 /* main.m */; };
		BA132D78198F06C20019F709 /* AttributorAppDelegate.m in Sources */ = {isa = PBXBuildFile; fileRef = BA132D77198F06C20019F709 /* AttributorAppDelegate.m */; };
		BA132D7B198F06C20019F709 /* AttributorViewController.m in Sources */ = {isa = PBXBuildFile; fileRef = BA132D7A198F06C20019F709 /* AttributorViewController.m */; };
		BA132D7E198F06C20019F709 /* Main.storyboard in Resources */ = {isa = PBXBuildFile; fileRef = BA132D7C198F06C20019F709 /* Main.storyboard */; };
		BA132D80198F06C20019F709 /* Images.xcassets in Resources */ = {isa = PBXBuildFile; fileRef = BA132D7F198F06C20019F709 /* Images.xcassets */; };
		BA132D8C198F06C20019F709 /* AttributorTests.m in Sources */ = {isa = PBXBuildFile; fileRef = BA132D8B198F06C20019F709 /* AttributorTests.m */; };
/* End PBXBuildFile section */

/* Begin PBXContainerItemProxy section */
		BA132D86198F06C20019F709 /* PBXContainerItemProxy */ = {
			isa = PBXContainerItemProxy;
			containerPortal = BA132D67198F06C20019F709 /* Project object */;
			proxyType = 1;
			remoteGlobalIDString = BA132D6E198F06C20019F709;
			remoteInfo = Attributor;
		};
/* End PBXContainerItemProxy section */

/* Begin PBXFileReference section */
		BA132D6F198F06C20019F709 /* Attributor.app */ = {isa = PBXFileReference; explicitFileType = wrapper.application; includeInIndex = 0; path = Attributor.app; sourceTree = BUILT_PRODUCTS_DIR; };
		BA132D73198F06C20019F709 /* Info.plist */ = {isa = PBXFileReference; lastKnownFileType = text.plist.xml; path = Info.plist; sourceTree = "<group>"; };
		BA132D74198F06C20019F709 /* main.m */ = {isa = PBXFileReference; lastKnownFileType = sourcecode.c.objc; path = main.m; sourceTree = "<group>"; };
		BA132D76198F06C20019F709 /* AttributorAppDelegate.h */ = {isa = PBXFileReference; lastKnownFileType = sourcecode.c.h; path = AttributorAppDelegate.h; sourceTree = "<group>"; };
		BA132D77198F06C20019F709 /* AttributorAppDelegate.m */ = {isa = PBXFileReference; lastKnownFileType = sourcecode.c.objc; path = AttributorAppDelegate.m; sourceTree = "<group>"; };
		BA132D79198F06C20019F709 /* AttributorViewController.h */ = {isa = PBXFileReference; lastKnownFileType = sourcecode.c.h; path = AttributorViewController.h; sourceTree = "<group>"; };
		BA132D7A198F06C20019F709 /* AttributorViewController.m */ = {isa = PBXFileReference; lastKnownFileType = sourcecode.c.objc; path = AttributorViewController.m; sourceTree = "<group>"; };
		BA132D7D198F06C20019F709 /* Base */ = {isa = PBXFileReference; lastKnownFileType = file.storyboard; name = Base; path = Base.lproj/Main.storyboard; sourceTree = "<group>"; };
		BA132D7F198F06C20019F709 /* Images.xcassets */ = {isa = PBXFileReference; lastKnownFileType = folder.assetcatalog; path = Images.xcassets; sourceTree = "<group>"; };
		BA132D85198F06C20019F709 /* AttributorTests.xctest */ = {isa = PBXFileReference; explicitFileType = wrapper.cfbundle; includeInIndex = 0; path = AttributorTests.xctest; sourceTree = BUILT_PRODUCTS_DIR; };
		BA132D8A198F06C20019F709 /* Info.plist */ = {isa = PBXFileReference; lastKnownFileType = text.plist.xml; path = Info.plist; sourceTree = "<group>"; };
		BA132D8B198F06C20019F709 /* AttributorTests.m */ = {isa = PBXFileReference; lastKnownFileType = sourcecode.c.objc; path = AttributorTests.m; sourceTree = "<group>"; };
/* End PBXFileReference section */

/* Begin PBXFrameworksBuildPhase section */
		BA132D6C198F06C20019F709 /* Frameworks */ = {
			isa = PBXFrameworksBuildPhase;
			buildActionMask = 2147483647;
			files = (
			);
			runOnlyForDeploymentPostprocessing = 0;
		};
		BA132D82198F06C20019F709 /* Frameworks */ = {
			isa = PBXFrameworksBuildPhase;
			buildActionMask = 2147483647;
			files = (
			);
			runOnlyForDeploymentPostprocessing = 0;
		};
/* End PBXFrameworksBuildPhase section */

/* Begin PBXGroup section */
		BA132D66198F06C20019F709 = {
			isa = PBXGroup;
			children = (
				BA132D71198F06C20019F709 /* Attributor */,
				BA132D88198F06C20019F709 /* AttributorTests */,
				BA132D70198F06C20019F709 /* Products */,
			);
			sourceTree = "<group>";
		};
		BA132D70198F06C20019F709 /* Products */ = {
			isa = PBXGroup;
			children = (
				BA132D6F198F06C20019F709 /* Attributor.app */,
				BA132D85198F06C20019F709 /* AttributorTests.xctest */,
			);
			name = Products;
			sourceTree = "<group>";
		};
		BA132D71198F06C20019F709 /* Attributor */ = {
			isa = PBXGroup;
			children = (
				BA132D79198F06C20019F709 /* AttributorViewController.h */,
				BA132D7A198F06C20019F709 /* AttributorViewController.m */,
				BA132D7C198F06C20019F709 /* Main.storyboard */,
				BA132D7F198F06C20019F709 /* Images.xcassets */,
				BA132D72198F06C20019F709 /* Supporting Files */,
			);
			path = Attributor;
			sourceTree = "<group>";
		};
		BA132D72198F06C20019F709 /* Supporting Files */ = {
			isa = PBXGroup;
			children = (
				BA132D76198F06C20019F709 /* AttributorAppDelegate.h */,
				BA132D77198F06C20019F709 /* AttributorAppDelegate.m */,
				BA132D73198F06C20019F709 /* Info.plist */,
				BA132D74198F06C20019F709 /* main.m */,
			);
			name = "Supporting Files";
			sourceTree = "<group>";
		};
		BA132D88198F06C20019F709 /* AttributorTests */ = {
			isa = PBXGroup;
			children = (
				BA132D8B198F06C20019F709 /* AttributorTests.m */,
				BA132D89198F06C20019F709 /* Supporting Files */,
			);
			path = AttributorTests;
			sourceTree = "<group>";
		};
		BA132D89198F06C20019F709 /* Supporting Files */ = {
			isa = PBXGroup;
			children = (
				BA132D8A198F06C20019F709 /* Info.plist */,
			);
			name = "Supporting Files";
			sourceTree = "<group>";
		};
/* End PBXGroup section */

/* Begin PBXNativeTarget section */
		BA132D6E198F06C20019F709 /* Attributor */ = {
			isa = PBXNativeTarget;
			buildConfigurationList = BA132D8F198F06C20019F709 /* Build configuration list for PBXNativeTarget "Attributor" */;
			buildPhases = (
				BA132D6B198F06C20019F709 /* Sources */,
				BA132D6C198F06C20019F709 /* Frameworks */,
				BA132D6D198F06C20019F709 /* Resources */,
			);
			buildRules = (
			);
			dependencies = (
			);
			name = Attributor;
			productName = Attributor;
			productReference = BA132D6F198F06C20019F709 /* Attributor.app */;
			productType = "com.apple.product-type.application";
		};
		BA132D84198F06C20019F709 /* AttributorTests */ = {
			isa = PBXNativeTarget;
			buildConfigurationList = BA132D92198F06C20019F709 /* Build configuration list for PBXNativeTarget "AttributorTests" */;
			buildPhases = (
				BA132D81198F06C20019F709 /* Sources */,
				BA132D82198F06C20019F709 /* Frameworks */,
				BA132D83198F06C20019F709 /* Resources */,
			);
			buildRules = (
			);
			dependencies = (
				BA132D87198F06C20019F709 /* PBXTargetDependency */,
			);
			name = AttributorTests;
			productName = AttributorTests;
			productReference = BA132D85198F06C20019F709 /* AttributorTests.xctest */;
			productType = "com.apple.product-type.bundle.unit-test";
		};
/* End PBXNativeTarget section */

/* Begin PBXProject section */
		BA132D67198F06C20019F709 /* Project object */ = {
			isa = PBXProject;
			attributes = {
				LastUpgradeCheck = 0600;
				ORGANIZATIONNAME = akshaybakshi;
				TargetAttributes = {
					BA132D6E198F06C20019F709 = {
						CreatedOnToolsVersion = 6.0;
					};
					BA132D84198F06C20019F709 = {
						CreatedOnToolsVersion = 6.0;
						TestTargetID = BA132D6E198F06C20019F709;
					};
				};
			};
			buildConfigurationList = BA132D6A198F06C20019F709 /* Build configuration list for PBXProject "Attributor" */;
			compatibilityVersion = "Xcode 3.2";
			developmentRegion = English;
			hasScannedForEncodings = 0;
			knownRegions = (
				en,
				Base,
			);
			mainGroup = BA132D66198F06C20019F709;
			productRefGroup = BA132D70198F06C20019F709 /* Products */;
			projectDirPath = "";
			projectRoot = "";
			targets = (
				BA132D6E198F06C20019F709 /* Attributor */,
				BA132D84198F06C20019F709 /* AttributorTests */,
			);
		};
/* End PBXProject section */

/* Begin PBXResourcesBuildPhase section */
		BA132D6D198F06C20019F709 /* Resources */ = {
			isa = PBXResourcesBuildPhase;
			buildActionMask = 2147483647;
			files = (
				BA132D7E198F06C20019F709 /* Main.storyboard in Resources */,
				BA132D80198F06C20019F709 /* Images.xcassets in Resources */,
			);
			runOnlyForDeploymentPostprocessing = 0;
		};
		BA132D83198F06C20019F709 /* Resources */ = {
			isa = PBXResourcesBuildPhase;
			buildActionMask = 2147483647;
			files = (
			);
			runOnlyForDeploymentPostprocessing = 0;
		};
/* End PBXResourcesBuildPhase section */

/* Begin PBXSourcesBuildPhase section */
		BA132D6B198F06C20019F709 /* Sources */ = {
			isa = PBXSourcesBuildPhase;
			buildActionMask = 2147483647;
			files = (
				BA132D7B198F06C20019F709 /* AttributorViewController.m in Sources */,
				BA132D78198F06C20019F709 /* AttributorAppDelegate.m in Sources */,
				BA132D75198F06C20019F709 /* main.m in Sources */,
			);
			runOnlyForDeploymentPostprocessing = 0;
		};
		BA132D81198F06C20019F709 /* Sources */ = {
			isa = PBXSourcesBuildPhase;
			buildActionMask = 2147483647;
			files = (
				BA132D8C198F06C20019F709 /* AttributorTests.m in Sources */,
			);
			runOnlyForDeploymentPostprocessing = 0;
		};
/* End PBXSourcesBuildPhase section */

/* Begin PBXTargetDependency section */
		BA132D87198F06C20019F709 /* PBXTargetDependency */ = {
			isa = PBXTargetDependency;
			target = BA132D6E198F06C20019F709 /* Attributor */;
			targetProxy = BA132D86198F06C20019F709 /* PBXContainerItemProxy */;
		};
/* End PBXTargetDependency section */

/* Begin PBXVariantGroup section */
		BA132D7C198F06C20019F709 /* Main.storyboard */ = {
			isa = PBXVariantGroup;
			children = (
				BA132D7D198F06C20019F709 /* Base */,
			);
			name = Main.storyboard;
			sourceTree = "<group>";
		};
/* End PBXVariantGroup section */

/* Begin XCBuildConfiguration section */
		BA132D8D198F06C20019F709 /* Debug */ = {
			isa = XCBuildConfiguration;
			buildSettings = {
				ALWAYS_SEARCH_USER_PATHS = NO;
				CLANG_CXX_LANGUAGE_STANDARD = "gnu++0x";
				CLANG_CXX_LIBRARY = "libc++";
				CLANG_ENABLE_MODULES = YES;
				CLANG_ENABLE_OBJC_ARC = YES;
				CLANG_WARN_BOOL_CONVERSION = YES;
				CLANG_WARN_CONSTANT_CONVERSION = YES;
				CLANG_WARN_DIRECT_OBJC_ISA_USAGE = YES_ERROR;
				CLANG_WARN_EMPTY_BODY = YES;
				CLANG_WARN_ENUM_CONVERSION = YES;
				CLANG_WARN_INT_CONVERSION = YES;
				CLANG_WARN_OBJC_ROOT_CLASS = YES_ERROR;
				CLANG_WARN_UNREACHABLE_CODE = YES;
				CLANG_WARN__DUPLICATE_METHOD_MATCH = YES;
				"CODE_SIGN_IDENTITY[sdk=iphoneos*]" = "iPhone Developer";
				COPY_PHASE_STRIP = NO;
				ENABLE_STRICT_OBJC_MSGSEND = YES;
				GCC_C_LANGUAGE_STANDARD = gnu99;
				GCC_DYNAMIC_NO_PIC = NO;
				GCC_OPTIMIZATION_LEVEL = 0;
				GCC_PREPROCESSOR_DEFINITIONS = (
					"DEBUG=1",
					"$(inherited)",
				);
				GCC_SYMBOLS_PRIVATE_EXTERN = NO;
				GCC_WARN_64_TO_32_BIT_CONVERSION = YES;
				GCC_WARN_ABOUT_RETURN_TYPE = YES_ERROR;
				GCC_WARN_UNDECLARED_SELECTOR = YES;
				GCC_WARN_UNINITIALIZED_AUTOS = YES_AGGRESSIVE;
				GCC_WARN_UNUSED_FUNCTION = YES;
				GCC_WARN_UNUSED_VARIABLE = YES;
				IPHONEOS_DEPLOYMENT_TARGET = 8.0;
				MTL_ENABLE_DEBUG_INFO = YES;
				ONLY_ACTIVE_ARCH = YES;
				SDKROOT = iphoneos;
			};
			name = Debug;
		};
		BA132D8E198F06C20019F709 /* Release */ = {
			isa = XCBuildConfiguration;
			buildSettings = {
				ALWAYS_SEARCH_USER_PATHS = NO;
				CLANG_CXX_LANGUAGE_STANDARD = "gnu++0x";
				CLANG_CXX_LIBRARY = "libc++";
				CLANG_ENABLE_MODULES = YES;
				CLANG_ENABLE_OBJC_ARC = YES;
				CLANG_WARN_BOOL_CONVERSION = YES;
				CLANG_WARN_CONSTANT_CONVERSION = YES;
				CLANG_WARN_DIRECT_OBJC_ISA_USAGE = YES_ERROR;
				CLANG_WARN_EMPTY_BODY = YES;
				CLANG_WARN_ENUM_CONVERSION = YES;
				CLANG_WARN_INT_CONVERSION = YES;
				CLANG_WARN_OBJC_ROOT_CLASS = YES_ERROR;
				CLANG_WARN_UNREACHABLE_CODE = YES;
				CLANG_WARN__DUPLICATE_METHOD_MATCH = YES;
				"CODE_SIGN_IDENTITY[sdk=iphoneos*]" = "iPhone Developer";
				COPY_PHASE_STRIP = YES;
				ENABLE_NS_ASSERTIONS = NO;
				ENABLE_STRICT_OBJC_MSGSEND = YES;
				GCC_C_LANGUAGE_STANDARD = gnu99;
				GCC_WARN_64_TO_32_BIT_CONVERSION = YES;
				GCC_WARN_ABOUT_RETURN_TYPE = YES_ERROR;
				GCC_WARN_UNDECLARED_SELECTOR = YES;
				GCC_WARN_UNINITIALIZED_AUTOS = YES_AGGRESSIVE;
				GCC_WARN_UNUSED_FUNCTION = YES;
				GCC_WARN_UNUSED_VARIABLE = YES;
				IPHONEOS_DEPLOYMENT_TARGET = 8.0;
				MTL_ENABLE_DEBUG_INFO = NO;
				SDKROOT = iphoneos;
				VALIDATE_PRODUCT = YES;
			};
			name = Release;
		};
		BA132D90198F06C20019F709 /* Debug */ = {
			isa = XCBuildConfiguration;
			buildSettings = {
				ASSETCATALOG_COMPILER_APPICON_NAME = AppIcon;
				ASSETCATALOG_COMPILER_LAUNCHIMAGE_NAME = LaunchImage;
				INFOPLIST_FILE = Attributor/Info.plist;
				IPHONEOS_DEPLOYMENT_TARGET = 7.1;
				LD_RUNPATH_SEARCH_PATHS = "$(inherited) @executable_path/Frameworks";
				PRODUCT_NAME = "$(TARGET_NAME)";
			};
			name = Debug;
		};
		BA132D91198F06C20019F709 /* Release */ = {
			isa = XCBuildConfiguration;
			buildSettings = {
				ASSETCATALOG_COMPILER_APPICON_NAME = AppIcon;
				ASSETCATALOG_COMPILER_LAUNCHIMAGE_NAME = LaunchImage;
				INFOPLIST_FILE = Attributor/Info.plist;
				IPHONEOS_DEPLOYMENT_TARGET = 7.1;
				LD_RUNPATH_SEARCH_PATHS = "$(inherited) @executable_path/Frameworks";
				PRODUCT_NAME = "$(TARGET_NAME)";
			};
			name = Release;
		};
		BA132D93198F06C20019F709 /* Debug */ = {
			isa = XCBuildConfiguration;
			buildSettings = {
				BUNDLE_LOADER = "$(BUILT_PRODUCTS_DIR)/Attributor.app/Attributor";
				FRAMEWORK_SEARCH_PATHS = (
					"$(SDKROOT)/Developer/Library/Frameworks",
					"$(inherited)",
				);
				GCC_PREPROCESSOR_DEFINITIONS = (
					"DEBUG=1",
					"$(inherited)",
				);
				INFOPLIST_FILE = AttributorTests/Info.plist;
				LD_RUNPATH_SEARCH_PATHS = "$(inherited) @executable_path/Frameworks @loader_path/Frameworks";
				PRODUCT_NAME = "$(TARGET_NAME)";
				TEST_HOST = "$(BUNDLE_LOADER)";
			};
			name = Debug;
		};
		BA132D94198F06C20019F709 /* Release */ = {
			isa = XCBuildConfiguration;
			buildSettings = {
				BUNDLE_LOADER = "$(BUILT_PRODUCTS_DIR)/Attributor.app/Attributor";
				FRAMEWORK_SEARCH_PATHS = (
					"$(SDKROOT)/Developer/Library/Frameworks",
					"$(inherited)",
				);
				INFOPLIST_FILE = AttributorTests/Info.plist;
				LD_RUNPATH_SEARCH_PATHS = "$(inherited) @executable_path/Frameworks @loader_path/Frameworks";
				PRODUCT_NAME = "$(TARGET_NAME)";
				TEST_HOST = "$(BUNDLE_LOADER)";
			};
			name = Release;
		};
/* End XCBuildConfiguration section */

/* Begin XCConfigurationList section */
		BA132D6A198F06C20019F709 /* Build configuration list for PBXProject "Attributor" */ = {
			isa = XCConfigurationList;
			buildConfigurations = (
				BA132D8D198F06C20019F709 /* Debug */,
				BA132D8E198F06C20019F709 /* Release */,
			);
			defaultConfigurationIsVisible = 0;
			defaultConfigurationName = Release;
		};
		BA132D8F198F06C20019F709 /* Build configuration list for PBXNativeTarget "Attributor" */ = {
			isa = XCConfigurationList;
			buildConfigurations = (
				BA132D90198F06C20019F709 /* Debug */,
				BA132D91198F06C20019F709 /* Release */,
			);
			defaultConfigurationIsVisible = 0;
			defaultConfigurationName = Release;
		};
		BA132D92198F06C20019F709 /* Build configuration list for PBXNativeTarget "AttributorTests" */ = {
			isa = XCConfigurationList;
			buildConfigurations = (
				BA132D93198F06C20019F709 /* Debug */,
				BA132D94198F06C20019F709 /* Release */,
			);
			defaultConfigurationIsVisible = 0;
			defaultConfigurationName = Release;
		};
/* End XCConfigurationList section */
	};
	rootObject = BA132D67198F06C20019F709 /* Project object */;
}
